
Microsoft Visual Studio Solution File, Format Version 12.00
# Visual Studio Version 16
VisualStudioVersion = 16.0.31424.327
MinimumVisualStudioVersion = 10.0.40219.1
Project("{FAE04EC0-301F-11D3-BF4B-00C04F79EFBC}") = "WebApi", "WebApi\WebApi.csproj", "{69F0CF86-8374-4912-A2A4-F096AF11CD8E}"
EndProject
Project("{FAE04EC0-301F-11D3-BF4B-00C04F79EFBC}") = "Data", "SiteApi\Data.csproj", "{10D9501F-D65A-4CBE-AFBD-76B92C31299E}"
EndProject
Global
	GlobalSection(SolutionConfigurationPlatforms) = preSolution
		Debug|Any CPU = Debug|Any CPU
		Release|Any CPU = Release|Any CPU
	EndGlobalSection
	GlobalSection(ProjectConfigurationPlatforms) = postSolution
		{69F0CF86-8374-4912-A2A4-F096AF11CD8E}.Debug|Any CPU.ActiveCfg = Debug|Any CPU
		{69F0CF86-8374-4912-A2A4-F096AF11CD8E}.Debug|Any CPU.Build.0 = Debug|Any CPU
		{69F0CF86-8374-4912-A2A4-F096AF11CD8E}.Release|Any CPU.ActiveCfg = Release|Any CPU
		{69F0CF86-8374-4912-A2A4-F096AF11CD8E}.Release|Any CPU.Build.0 = Release|Any CPU
		{10D9501F-D65A-4CBE-AFBD-76B92C31299E}.Debug|Any CPU.ActiveCfg = Debug|Any CPU
		{10D9501F-D65A-4CBE-AFBD-76B92C31299E}.Debug|Any CPU.Build.0 = Debug|Any CPU
		{10D9501F-D65A-4CBE-AFBD-76B92C31299E}.Release|Any CPU.ActiveCfg = Release|Any CPU
		{10D9501F-D65A-4CBE-AFBD-76B92C31299E}.Release|Any CPU.Build.0 = Release|Any CPU
	EndGlobalSection
	GlobalSection(SolutionProperties) = preSolution
		HideSolutionNode = FALSE
	EndGlobalSection
	GlobalSection(ExtensibilityGlobals) = postSolution
		SolutionGuid = {861CD9AD-9238-40C1-BE02-DA4A905F174A}
	EndGlobalSection
EndGlobal
